<Solution>
  <Folder Name="/GitHub/">
    <File Path=".github/workflows/publish.yml" />
  </Folder>
  <Folder Name="/Solution items/">
    <File Path=".editorconfig" />
    <File Path=".gitattributes" />
    <File Path=".gitignore" />
    <File Path="AGENTS.md" />
    <File Path="Directory.Build.props" />
    <File Path="Directory.Packages.props" />
    <File Path="global.json" />
    <File Path="README.md" />
  </Folder>
  <Folder Name="/src/">
    <Project Path="src/DotnetCleanup/DotnetCleanup.csproj" />
  </Folder>
  <Folder Name="/test/">
    <File Path="test/Directory.Packages.props" />
    <Project Path="test/DotnetCleanup.IntegrationTests/DotnetCleanup.IntegrationTests.csproj" />
    <Project Path="test/DotNetCleanup.Testing/DotNetCleanup.Testing.csproj" Id="eeaa4deb-0e5d-4a55-a9dc-1c08d8d9e94e" />
    <Project Path="test/DotNetCleanup.Tests/DotNetCleanup.Tests.csproj" />
  </Folder>
</Solution>
