<Solution>
  <Folder Name="/Solution items/">
    <File Path=".editorconfig" />
    <File Path=".gitattributes" />
    <File Path=".gitignore" />
    <File Path="AGENTS.md" />
    <File Path="global.json" />
    <File Path="README.md" />
  </Folder>
  <Project Path="src/DotnetCleanup/DotnetCleanup.csproj" />
  <Project Path="test/DotNetCleanup.Tests/DotNetCleanup.Tests.csproj" />
  <Project Path="test/DotnetCleanup.IntegrationTests/DotnetCleanup.IntegrationTests.csproj" />
</Solution>
